
Microsoft Visual Studio Solution File, Format Version 12.00
# Visual Studio Version 17
VisualStudioVersion = 17.4.33122.133
MinimumVisualStudioVersion = 10.0.40219.1
Project("{FAE04EC0-301F-11D3-BF4B-00C04F79EFBC}") = "Boekingssysteem", "Boekingssysteem\Boekingssysteem.csproj", "{B55AC059-114B-4A93-8CEE-B252152AD98C}"
EndProject
Global
	GlobalSection(SolutionConfigurationPlatforms) = preSolution
		Debug|Any CPU = Debug|Any CPU
		Release|Any CPU = Release|Any CPU
	EndGlobalSection
	GlobalSection(ProjectConfigurationPlatforms) = postSolution
		{B55AC059-114B-4A93-8CEE-B252152AD98C}.Debug|Any CPU.ActiveCfg = Debug|Any CPU
		{B55AC059-114B-4A93-8CEE-B252152AD98C}.Debug|Any CPU.Build.0 = Debug|Any CPU
		{B55AC059-114B-4A93-8CEE-B252152AD98C}.Release|Any CPU.ActiveCfg = Release|Any CPU
		{B55AC059-114B-4A93-8CEE-B252152AD98C}.Release|Any CPU.Build.0 = Release|Any CPU
	EndGlobalSection
	GlobalSection(SolutionProperties) = preSolution
		HideSolutionNode = FALSE
	EndGlobalSection
	GlobalSection(ExtensibilityGlobals) = postSolution
		SolutionGuid = {39FD96EB-AB98-4A2B-82A5-34481F9502E5}
	EndGlobalSection
EndGlobal
